# THIS IS AN AUTOGENERATED FILE. DO NOT EDIT THIS FILE DIRECTLY.
# yarn lockfile v1


ansi-styles@^3.2.1:
  version "3.2.1"
  resolved "http://registry.npm.taobao.org/ansi-styles/download/ansi-styles-3.2.1.tgz#41fbb20243e50b12be0f04b8dedbf07520ce841d"
  dependencies:
    color-convert "^1.9.0"

autoprefixer@^9.3.1:
  version "9.3.1"
  resolved "http://registry.npm.taobao.org/autoprefixer/download/autoprefixer-9.3.1.tgz#71b622174de2b783d5fd99f9ad617b7a3c78443e"
  dependencies:
    browserslist "^4.3.3"
    caniuse-lite "^1.0.30000898"
    normalize-range "^0.1.2"
    num2fraction "^1.2.2"
    postcss "^7.0.5"
    postcss-value-parser "^3.3.1"

browserslist@^4.3.3:
  version "4.3.4"
  resolved "http://registry.npm.taobao.org/browserslist/download/browserslist-4.3.4.tgz#4477b737db6a1b07077275b24791e680d4300425"
  dependencies:
    caniuse-lite "^1.0.30000899"
    electron-to-chromium "^1.3.82"
    node-releases "^1.0.1"

caniuse-lite@^1.0.30000898, caniuse-lite@^1.0.30000899:
  version "1.0.30000903"
  resolved "http://registry.npm.taobao.org/caniuse-lite/download/caniuse-lite-1.0.30000903.tgz#86d46227759279b3db345ddbe778335dbba9e858"

chalk@^2.4.1:
  version "2.4.1"
  resolved "http://registry.npm.taobao.org/chalk/download/chalk-2.4.1.tgz#18c49ab16a037b6eb0152cc83e3471338215b66e"
  dependencies:
    ansi-styles "^3.2.1"
    escape-string-regexp "^1.0.5"
    supports-color "^5.3.0"

color-convert@^1.9.0:
  version "1.9.3"
  resolved "http://registry.npm.taobao.org/color-convert/download/color-convert-1.9.3.tgz#bb71850690e1f136567de629d2d5471deda4c1e8"
  dependencies:
    color-name "1.1.3"

color-name@1.1.3:
  version "1.1.3"
  resolved "http://registry.npm.taobao.org/color-name/download/color-name-1.1.3.tgz#a7d0558bd89c42f795dd42328f740831ca53bc25"

commander@2:
  version "2.19.0"
  resolved "http://registry.npm.taobao.org/commander/download/commander-2.19.0.tgz#f6198aa84e5b83c46054b94ddedbfed5ee9ff12a"

d3-array@1, d3-array@^1.1.1, d3-array@^1.2.0:
  version "1.2.4"
  resolved "http://registry.npm.taobao.org/d3-array/download/d3-array-1.2.4.tgz#635ce4d5eea759f6f605863dbcfc30edc737f71f"

d3-axis@1:
  version "1.0.12"
  resolved "http://registry.npm.taobao.org/d3-axis/download/d3-axis-1.0.12.tgz#cdf20ba210cfbb43795af33756886fb3638daac9"

d3-brush@1:
  version "1.0.6"
  resolved "http://registry.npm.taobao.org/d3-brush/download/d3-brush-1.0.6.tgz#33691f2032d9db6c5d8cb684ff255a9883629e21"
  dependencies:
    d3-dispatch "1"
    d3-drag "1"
    d3-interpolate "1"
    d3-selection "1"
    d3-transition "1"

d3-chord@1:
  version "1.0.6"
  resolved "http://registry.npm.taobao.org/d3-chord/download/d3-chord-1.0.6.tgz#309157e3f2db2c752f0280fedd35f2067ccbb15f"
  dependencies:
    d3-array "1"
    d3-path "1"

d3-collection@1:
  version "1.0.7"
  resolved "http://registry.npm.taobao.org/d3-collection/download/d3-collection-1.0.7.tgz#349bd2aa9977db071091c13144d5e4f16b5b310e"

d3-color@1:
  version "1.2.3"
  resolved "http://registry.npm.taobao.org/d3-color/download/d3-color-1.2.3.tgz#6c67bb2af6df3cc8d79efcc4d3a3e83e28c8048f"

d3-contour@1:
  version "1.3.2"
  resolved "http://registry.npm.taobao.org/d3-contour/download/d3-contour-1.3.2.tgz#652aacd500d2264cb3423cee10db69f6f59bead3"
  dependencies:
    d3-array "^1.1.1"

d3-dispatch@1:
  version "1.0.5"
  resolved "http://registry.npm.taobao.org/d3-dispatch/download/d3-dispatch-1.0.5.tgz#e25c10a186517cd6c82dd19ea018f07e01e39015"

d3-drag@1:
  version "1.2.3"
  resolved "http://registry.npm.taobao.org/d3-drag/download/d3-drag-1.2.3.tgz#46e206ad863ec465d88c588098a1df444cd33c64"
  dependencies:
    d3-dispatch "1"
    d3-selection "1"

d3-dsv@1:
  version "1.0.10"
  resolved "http://registry.npm.taobao.org/d3-dsv/download/d3-dsv-1.0.10.tgz#4371c489a2a654a297aca16fcaf605a6f31a6f51"
  dependencies:
    commander "2"
    iconv-lite "0.4"
    rw "1"

d3-ease@1:
  version "1.0.5"
  resolved "http://registry.npm.taobao.org/d3-ease/download/d3-ease-1.0.5.tgz#8ce59276d81241b1b72042d6af2d40e76d936ffb"

d3-fetch@1:
  version "1.1.2"
  resolved "http://registry.npm.taobao.org/d3-fetch/download/d3-fetch-1.1.2.tgz#957c8fbc6d4480599ba191b1b2518bf86b3e1be2"
  dependencies:
    d3-dsv "1"

d3-force@1:
  version "1.1.2"
  resolved "http://registry.npm.taobao.org/d3-force/download/d3-force-1.1.2.tgz#16664d0ac71d8727ef5effe0b374feac8050d6cd"
  dependencies:
    d3-collection "1"
    d3-dispatch "1"
    d3-quadtree "1"
    d3-timer "1"

d3-format@1:
  version "1.3.2"
  resolved "http://registry.npm.taobao.org/d3-format/download/d3-format-1.3.2.tgz#6a96b5e31bcb98122a30863f7d92365c00603562"

d3-geo@1:
  version "1.11.1"
  resolved "http://registry.npm.taobao.org/d3-geo/download/d3-geo-1.11.1.tgz#3f35e582c0d29296618b02a8ade0fdffb2c0e63c"
  dependencies:
    d3-array "1"

d3-hierarchy@1:
  version "1.1.8"
  resolved "http://registry.npm.taobao.org/d3-hierarchy/download/d3-hierarchy-1.1.8.tgz#7a6317bd3ed24e324641b6f1e76e978836b008cc"

d3-interpolate@1:
  version "1.3.2"
  resolved "http://registry.npm.taobao.org/d3-interpolate/download/d3-interpolate-1.3.2.tgz#417d3ebdeb4bc4efcc8fd4361c55e4040211fd68"
  dependencies:
    d3-color "1"

d3-path@1:
  version "1.0.7"
  resolved "http://registry.npm.taobao.org/d3-path/download/d3-path-1.0.7.tgz#8de7cd693a75ac0b5480d3abaccd94793e58aae8"

d3-polygon@1:
  version "1.0.5"
  resolved "http://registry.npm.taobao.org/d3-polygon/download/d3-polygon-1.0.5.tgz#9a645a0a64ff6cbf9efda96ee0b4a6909184c363"

d3-quadtree@1:
  version "1.0.5"
  resolved "http://registry.npm.taobao.org/d3-quadtree/download/d3-quadtree-1.0.5.tgz#305394840b01f51a341a0da5008585e837fe7e9b"

d3-random@1:
  version "1.1.2"
  resolved "http://registry.npm.taobao.org/d3-random/download/d3-random-1.1.2.tgz#2833be7c124360bf9e2d3fd4f33847cfe6cab291"

d3-scale-chromatic@1:
  version "1.3.3"
  resolved "http://registry.npm.taobao.org/d3-scale-chromatic/download/d3-scale-chromatic-1.3.3.tgz#dad4366f0edcb288f490128979c3c793583ed3c0"
  dependencies:
    d3-color "1"
    d3-interpolate "1"

d3-scale@2:
  version "2.1.2"
  resolved "http://registry.npm.taobao.org/d3-scale/download/d3-scale-2.1.2.tgz#4e932b7b60182aee9073ede8764c98423e5f9a94"
  dependencies:
    d3-array "^1.2.0"
    d3-collection "1"
    d3-format "1"
    d3-interpolate "1"
    d3-time "1"
    d3-time-format "2"

d3-selection@1, d3-selection@^1.1.0:
  version "1.3.2"
  resolved "http://registry.npm.taobao.org/d3-selection/download/d3-selection-1.3.2.tgz#6e70a9df60801c8af28ac24d10072d82cbfdf652"

d3-shape@1:
  version "1.2.2"
  resolved "http://registry.npm.taobao.org/d3-shape/download/d3-shape-1.2.2.tgz#f9dba3777a5825f9a8ce8bc928da08c17679e9a7"
  dependencies:
    d3-path "1"

d3-time-format@2:
  version "2.1.3"
  resolved "http://registry.npm.taobao.org/d3-time-format/download/d3-time-format-2.1.3.tgz#ae06f8e0126a9d60d6364eac5b1533ae1bac826b"
  dependencies:
    d3-time "1"

d3-time@1:
  version "1.0.10"
  resolved "http://registry.npm.taobao.org/d3-time/download/d3-time-1.0.10.tgz#8259dd71288d72eeacfd8de281c4bf5c7393053c"

d3-timer@1:
  version "1.0.9"
  resolved "http://registry.npm.taobao.org/d3-timer/download/d3-timer-1.0.9.tgz#f7bb8c0d597d792ff7131e1c24a36dd471a471ba"

d3-transition@1:
  version "1.1.3"
  resolved "http://registry.npm.taobao.org/d3-transition/download/d3-transition-1.1.3.tgz#3a435b05ce9cef9524fe0d38121cfb6905331ca6"
  dependencies:
    d3-color "1"
    d3-dispatch "1"
    d3-ease "1"
    d3-interpolate "1"
    d3-selection "^1.1.0"
    d3-timer "1"

d3-voronoi@1:
  version "1.1.4"
  resolved "http://registry.npm.taobao.org/d3-voronoi/download/d3-voronoi-1.1.4.tgz#dd3c78d7653d2bb359284ae478645d95944c8297"

d3-zoom@1:
  version "1.7.3"
  resolved "http://registry.npm.taobao.org/d3-zoom/download/d3-zoom-1.7.3.tgz#f444effdc9055c38077c4299b4df999eb1d47ccb"
  dependencies:
    d3-dispatch "1"
    d3-drag "1"
    d3-interpolate "1"
    d3-selection "1"
    d3-transition "1"

d3@^5.7.0:
  version "5.7.0"
  resolved "http://registry.npm.taobao.org/d3/download/d3-5.7.0.tgz#f189d338bdde62acf02f308918e0ec34dd7568f9"
  dependencies:
    d3-array "1"
    d3-axis "1"
    d3-brush "1"
    d3-chord "1"
    d3-collection "1"
    d3-color "1"
    d3-contour "1"
    d3-dispatch "1"
    d3-drag "1"
    d3-dsv "1"
    d3-ease "1"
    d3-fetch "1"
    d3-force "1"
    d3-format "1"
    d3-geo "1"
    d3-hierarchy "1"
    d3-interpolate "1"
    d3-path "1"
    d3-polygon "1"
    d3-quadtree "1"
    d3-random "1"
    d3-scale "2"
    d3-scale-chromatic "1"
    d3-selection "1"
    d3-shape "1"
    d3-time "1"
    d3-time-format "2"
    d3-timer "1"
    d3-transition "1"
    d3-voronoi "1"
    d3-zoom "1"

electron-to-chromium@^1.3.82:
  version "1.3.82"
  resolved "http://registry.npm.taobao.org/electron-to-chromium/download/electron-to-chromium-1.3.82.tgz#7d13ae4437d2a783de3f4efba96b186c540b67b1"

escape-string-regexp@^1.0.5:
  version "1.0.5"
  resolved "http://registry.npm.taobao.org/escape-string-regexp/download/escape-string-regexp-1.0.5.tgz#1b61c0562190a8dff6ae3bb2cf0200ca130b86d4"

has-flag@^3.0.0:
  version "3.0.0"
  resolved "http://registry.npm.taobao.org/has-flag/download/has-flag-3.0.0.tgz#b5d454dc2199ae225699f3467e5a07f3b955bafd"

iconv-lite@0.4:
  version "0.4.24"
  resolved "http://registry.npm.taobao.org/iconv-lite/download/iconv-lite-0.4.24.tgz#2022b4b25fbddc21d2f524974a474aafe733908b"
  dependencies:
    safer-buffer ">= 2.1.2 < 3"

node-releases@^1.0.1:
  version "1.0.2"
  resolved "http://registry.npm.taobao.org/node-releases/download/node-releases-1.0.2.tgz#27c296d9fca3b659c64f7d43ea47a31ad2a90e4b"
  dependencies:
    semver "^5.3.0"

normalize-range@^0.1.2:
  version "0.1.2"
  resolved "http://registry.npm.taobao.org/normalize-range/download/normalize-range-0.1.2.tgz#2d10c06bdfd312ea9777695a4d28439456b75942"

num2fraction@^1.2.2:
  version "1.2.2"
  resolved "http://registry.npm.taobao.org/num2fraction/download/num2fraction-1.2.2.tgz#6f682b6a027a4e9ddfa4564cd2589d1d4e669ede"

postcss-value-parser@^3.3.1:
  version "3.3.1"
  resolved "http://registry.npm.taobao.org/postcss-value-parser/download/postcss-value-parser-3.3.1.tgz#9ff822547e2893213cf1c30efa51ac5fd1ba8281"

postcss@^7.0.5:
  version "7.0.5"
  resolved "http://registry.npm.taobao.org/postcss/download/postcss-7.0.5.tgz#70e6443e36a6d520b0fd4e7593fcca3635ee9f55"
  dependencies:
    chalk "^2.4.1"
    source-map "^0.6.1"
    supports-color "^5.5.0"

ramda@^0.25.0:
  version "0.25.0"
  resolved "http://registry.npm.taobao.org/ramda/download/ramda-0.25.0.tgz#8fdf68231cffa90bc2f9460390a0cb74a29b29a9"

rw@1:
  version "1.3.3"
  resolved "http://registry.npm.taobao.org/rw/download/rw-1.3.3.tgz#3f862dfa91ab766b14885ef4d01124bfda074fb4"

"safer-buffer@>= 2.1.2 < 3":
  version "2.1.2"
  resolved "http://registry.npm.taobao.org/safer-buffer/download/safer-buffer-2.1.2.tgz#44fa161b0187b9549dd84bb91802f9bd8385cd6a"

semver@^5.3.0:
  version "5.6.0"
  resolved "http://registry.npm.taobao.org/semver/download/semver-5.6.0.tgz#7e74256fbaa49c75aa7c7a205cc22799cac80004"

source-map@^0.6.1:
  version "0.6.1"
  resolved "http://registry.npm.taobao.org/source-map/download/source-map-0.6.1.tgz#74722af32e9614e9c287a8d0bbde48b5e2f1a263"

supports-color@^5.3.0, supports-color@^5.5.0:
  version "5.5.0"
  resolved "http://registry.npm.taobao.org/supports-color/download/supports-color-5.5.0.tgz#e2e69a44ac8772f78a1ec0b35b689df6530efc8f"
  dependencies:
    has-flag "^3.0.0"
